
Microsoft Visual Studio Solution File, Format Version 12.00
# Visual Studio 15
VisualStudioVersion = 15.0.28307.902
MinimumVisualStudioVersion = 10.0.40219.1
Project("{FAE04EC0-301F-11D3-BF4B-00C04F79EFBC}") = "RedBlackTree.Console", "RedBlackTree.Console\RedBlackTree.Console.csproj", "{1A6E4660-3A96-4595-8812-F1E8C8FF8CE7}"
EndProject
Project("{FAE04EC0-301F-11D3-BF4B-00C04F79EFBC}") = "RedBlackTree.Library", "RedBlackTree.Library\RedBlackTree.Library.csproj", "{99D75DFC-5F3F-4C7E-81CF-838C23D4645E}"
EndProject
Project("{FAE04EC0-301F-11D3-BF4B-00C04F79EFBC}") = "RedBlackTree.Library.Tests", "RedBlackTree.Library.Tests\RedBlackTree.Library.Tests.csproj", "{49067B22-98FE-4245-84F6-86B615D162A0}"
EndProject
Global
	GlobalSection(SolutionConfigurationPlatforms) = preSolution
		Debug|Any CPU = Debug|Any CPU
		Release|Any CPU = Release|Any CPU
	EndGlobalSection
	GlobalSection(ProjectConfigurationPlatforms) = postSolution
		{1A6E4660-3A96-4595-8812-F1E8C8FF8CE7}.Debug|Any CPU.ActiveCfg = Debug|Any CPU
		{1A6E4660-3A96-4595-8812-F1E8C8FF8CE7}.Debug|Any CPU.Build.0 = Debug|Any CPU
		{1A6E4660-3A96-4595-8812-F1E8C8FF8CE7}.Release|Any CPU.ActiveCfg = Release|Any CPU
		{1A6E4660-3A96-4595-8812-F1E8C8FF8CE7}.Release|Any CPU.Build.0 = Release|Any CPU
		{99D75DFC-5F3F-4C7E-81CF-838C23D4645E}.Debug|Any CPU.ActiveCfg = Debug|Any CPU
		{99D75DFC-5F3F-4C7E-81CF-838C23D4645E}.Debug|Any CPU.Build.0 = Debug|Any CPU
		{99D75DFC-5F3F-4C7E-81CF-838C23D4645E}.Release|Any CPU.ActiveCfg = Release|Any CPU
		{99D75DFC-5F3F-4C7E-81CF-838C23D4645E}.Release|Any CPU.Build.0 = Release|Any CPU
		{49067B22-98FE-4245-84F6-86B615D162A0}.Debug|Any CPU.ActiveCfg = Debug|Any CPU
		{49067B22-98FE-4245-84F6-86B615D162A0}.Debug|Any CPU.Build.0 = Debug|Any CPU
		{49067B22-98FE-4245-84F6-86B615D162A0}.Release|Any CPU.ActiveCfg = Release|Any CPU
		{49067B22-98FE-4245-84F6-86B615D162A0}.Release|Any CPU.Build.0 = Release|Any CPU
	EndGlobalSection
	GlobalSection(SolutionProperties) = preSolution
		HideSolutionNode = FALSE
	EndGlobalSection
	GlobalSection(ExtensibilityGlobals) = postSolution
		SolutionGuid = {171C990B-C663-421D-96D2-95D4625B94C8}
	EndGlobalSection
EndGlobal
